
Microsoft Visual Studio Solution File, Format Version 12.00
# Visual Studio 15
VisualStudioVersion = 15.0.27004.2006
MinimumVisualStudioVersion = 10.0.40219.1
Project("{9A19103F-16F7-4668-BE54-9A1E7A4F7556}") = "FireTruckFinder.Web", "FireTruckFinder.Web\FireTruckFinder.Web.csproj", "{48B92F11-78C3-4F28-B4F7-045F039C6BD9}"
EndProject
Project("{9A19103F-16F7-4668-BE54-9A1E7A4F7556}") = "FireTruckFinder.Data", "FireTruckFinder.Data\FireTruckFinder.Data.csproj", "{D02A89E6-D30C-40C9-A25E-90392DB883F2}"
EndProject
Project("{FAE04EC0-301F-11D3-BF4B-00C04F79EFBC}") = "FireTruckFinder.Services", "FireTrucksFinder.Service\FireTruckFinder.Services.csproj", "{192B10CA-B374-4D37-AE8D-7411563DB0E3}"
EndProject
Project("{FAE04EC0-301F-11D3-BF4B-00C04F79EFBC}") = "FireTruckFinder.Common", "FireTruckFinder.Common\FireTruckFinder.Common.csproj", "{962EB2C9-78EB-47F2-8BEA-B23419E9F9D0}"
EndProject
Global
	GlobalSection(SolutionConfigurationPlatforms) = preSolution
		Debug|Any CPU = Debug|Any CPU
		Release|Any CPU = Release|Any CPU
	EndGlobalSection
	GlobalSection(ProjectConfigurationPlatforms) = postSolution
		{48B92F11-78C3-4F28-B4F7-045F039C6BD9}.Debug|Any CPU.ActiveCfg = Debug|Any CPU
		{48B92F11-78C3-4F28-B4F7-045F039C6BD9}.Debug|Any CPU.Build.0 = Debug|Any CPU
		{48B92F11-78C3-4F28-B4F7-045F039C6BD9}.Release|Any CPU.ActiveCfg = Release|Any CPU
		{48B92F11-78C3-4F28-B4F7-045F039C6BD9}.Release|Any CPU.Build.0 = Release|Any CPU
		{D02A89E6-D30C-40C9-A25E-90392DB883F2}.Debug|Any CPU.ActiveCfg = Debug|Any CPU
		{D02A89E6-D30C-40C9-A25E-90392DB883F2}.Debug|Any CPU.Build.0 = Debug|Any CPU
		{D02A89E6-D30C-40C9-A25E-90392DB883F2}.Release|Any CPU.ActiveCfg = Release|Any CPU
		{D02A89E6-D30C-40C9-A25E-90392DB883F2}.Release|Any CPU.Build.0 = Release|Any CPU
		{192B10CA-B374-4D37-AE8D-7411563DB0E3}.Debug|Any CPU.ActiveCfg = Debug|Any CPU
		{192B10CA-B374-4D37-AE8D-7411563DB0E3}.Debug|Any CPU.Build.0 = Debug|Any CPU
		{192B10CA-B374-4D37-AE8D-7411563DB0E3}.Release|Any CPU.ActiveCfg = Release|Any CPU
		{192B10CA-B374-4D37-AE8D-7411563DB0E3}.Release|Any CPU.Build.0 = Release|Any CPU
		{962EB2C9-78EB-47F2-8BEA-B23419E9F9D0}.Debug|Any CPU.ActiveCfg = Debug|Any CPU
		{962EB2C9-78EB-47F2-8BEA-B23419E9F9D0}.Debug|Any CPU.Build.0 = Debug|Any CPU
		{962EB2C9-78EB-47F2-8BEA-B23419E9F9D0}.Release|Any CPU.ActiveCfg = Release|Any CPU
		{962EB2C9-78EB-47F2-8BEA-B23419E9F9D0}.Release|Any CPU.Build.0 = Release|Any CPU
	EndGlobalSection
	GlobalSection(SolutionProperties) = preSolution
		HideSolutionNode = FALSE
	EndGlobalSection
	GlobalSection(ExtensibilityGlobals) = postSolution
		SolutionGuid = {68CE9C80-DCF4-465C-9E89-F0091CACFA4D}
	EndGlobalSection
EndGlobal
